
Microsoft Visual Studio Solution File, Format Version 12.00
# Visual Studio Version 17
VisualStudioVersion = 17.11.35327.3
MinimumVisualStudioVersion = 10.0.40219.1
Project("{9A19103F-16F7-4668-BE54-9A1E7A4F7556}") = "Bilibili", "Bilibili\Bilibili.csproj", "{3A8F68F0-63CD-4824-A35F-1DE3A31FECED}"
EndProject
Project("{9A19103F-16F7-4668-BE54-9A1E7A4F7556}") = "Bilibili.Tests", "Bilibili.Tests\Bilibili.Tests.csproj", "{98B96B10-7BFE-49E4-8AAD-1CB8481A8E6B}"
	ProjectSection(ProjectDependencies) = postProject
		{3A8F68F0-63CD-4824-A35F-1DE3A31FECED} = {3A8F68F0-63CD-4824-A35F-1DE3A31FECED}
	EndProjectSection
EndProject
Global
	GlobalSection(SolutionConfigurationPlatforms) = preSolution
		Debug|Any CPU = Debug|Any CPU
		Debug|ARM64 = Debug|ARM64
		Debug|x64 = Debug|x64
		Release|Any CPU = Release|Any CPU
		Release|ARM64 = Release|ARM64
		Release|x64 = Release|x64
	EndGlobalSection
	GlobalSection(ProjectConfigurationPlatforms) = postSolution
		{3A8F68F0-63CD-4824-A35F-1DE3A31FECED}.Debug|Any CPU.ActiveCfg = Debug|Any CPU
		{3A8F68F0-63CD-4824-A35F-1DE3A31FECED}.Debug|Any CPU.Build.0 = Debug|Any CPU
		{3A8F68F0-63CD-4824-A35F-1DE3A31FECED}.Debug|ARM64.ActiveCfg = Debug|ARM64
		{3A8F68F0-63CD-4824-A35F-1DE3A31FECED}.Debug|ARM64.Build.0 = Debug|ARM64
		{3A8F68F0-63CD-4824-A35F-1DE3A31FECED}.Debug|x64.ActiveCfg = Debug|x64
		{3A8F68F0-63CD-4824-A35F-1DE3A31FECED}.Debug|x64.Build.0 = Debug|x64
		{3A8F68F0-63CD-4824-A35F-1DE3A31FECED}.Release|Any CPU.ActiveCfg = Release|Any CPU
		{3A8F68F0-63CD-4824-A35F-1DE3A31FECED}.Release|Any CPU.Build.0 = Release|Any CPU
		{3A8F68F0-63CD-4824-A35F-1DE3A31FECED}.Release|ARM64.ActiveCfg = Release|ARM64
		{3A8F68F0-63CD-4824-A35F-1DE3A31FECED}.Release|ARM64.Build.0 = Release|ARM64
		{3A8F68F0-63CD-4824-A35F-1DE3A31FECED}.Release|x64.ActiveCfg = Release|x64
		{3A8F68F0-63CD-4824-A35F-1DE3A31FECED}.Release|x64.Build.0 = Release|x64
		{98B96B10-7BFE-49E4-8AAD-1CB8481A8E6B}.Debug|Any CPU.ActiveCfg = Debug|Any CPU
		{98B96B10-7BFE-49E4-8AAD-1CB8481A8E6B}.Debug|Any CPU.Build.0 = Debug|Any CPU
		{98B96B10-7BFE-49E4-8AAD-1CB8481A8E6B}.Debug|ARM64.ActiveCfg = Debug|ARM64
		{98B96B10-7BFE-49E4-8AAD-1CB8481A8E6B}.Debug|ARM64.Build.0 = Debug|ARM64
		{98B96B10-7BFE-49E4-8AAD-1CB8481A8E6B}.Debug|x64.ActiveCfg = Debug|Any CPU
		{98B96B10-7BFE-49E4-8AAD-1CB8481A8E6B}.Debug|x64.Build.0 = Debug|Any CPU
		{98B96B10-7BFE-49E4-8AAD-1CB8481A8E6B}.Release|Any CPU.ActiveCfg = Release|Any CPU
		{98B96B10-7BFE-49E4-8AAD-1CB8481A8E6B}.Release|Any CPU.Build.0 = Release|Any CPU
		{98B96B10-7BFE-49E4-8AAD-1CB8481A8E6B}.Release|ARM64.ActiveCfg = Release|ARM64
		{98B96B10-7BFE-49E4-8AAD-1CB8481A8E6B}.Release|ARM64.Build.0 = Release|ARM64
		{98B96B10-7BFE-49E4-8AAD-1CB8481A8E6B}.Release|x64.ActiveCfg = Release|Any CPU
		{98B96B10-7BFE-49E4-8AAD-1CB8481A8E6B}.Release|x64.Build.0 = Release|Any CPU
	EndGlobalSection
	GlobalSection(SolutionProperties) = preSolution
		HideSolutionNode = FALSE
	EndGlobalSection
	GlobalSection(ExtensibilityGlobals) = postSolution
		SolutionGuid = {1635703A-F4F6-4C65-84BC-AF9C54067F4D}
	EndGlobalSection
EndGlobal
